
Microsoft Visual Studio Solution File, Format Version 12.00
# Visual Studio Version 17
VisualStudioVersion = 17.5.002.0
MinimumVisualStudioVersion = 10.0.40219.1
Project("{9A19103F-16F7-4668-BE54-9A1E7A4F7556}") = "Eurodiffusion_from_abdulllah111", "src\Eurodiffusion_from_abdulllah111.csproj", "{B0F42CC7-E4D9-43B3-9365-DAC0EC7C3D48}"
EndProject
Global
	GlobalSection(SolutionConfigurationPlatforms) = preSolution
		Debug|Any CPU = Debug|Any CPU
		Release|Any CPU = Release|Any CPU
	EndGlobalSection
	GlobalSection(ProjectConfigurationPlatforms) = postSolution
		{B0F42CC7-E4D9-43B3-9365-DAC0EC7C3D48}.Debug|Any CPU.ActiveCfg = Debug|Any CPU
		{B0F42CC7-E4D9-43B3-9365-DAC0EC7C3D48}.Debug|Any CPU.Build.0 = Debug|Any CPU
		{B0F42CC7-E4D9-43B3-9365-DAC0EC7C3D48}.Release|Any CPU.ActiveCfg = Release|Any CPU
		{B0F42CC7-E4D9-43B3-9365-DAC0EC7C3D48}.Release|Any CPU.Build.0 = Release|Any CPU
	EndGlobalSection
	GlobalSection(SolutionProperties) = preSolution
		HideSolutionNode = FALSE
	EndGlobalSection
	GlobalSection(ExtensibilityGlobals) = postSolution
		SolutionGuid = {660AE3F2-CB07-435C-BD78-936962652320}
	EndGlobalSection
EndGlobal
